// !$*UTF8*$!
{
	archiveVersion = 1;
	classes = {
	};
	objectVersion = 50;
	objects = {

/* Begin PBXBuildFile section */
		864B2C5E23233775005B8E32 /* AppDelegate.swift in Sources */ = {isa = PBXBuildFile; fileRef = 864B2C5D23233775005B8E32 /* AppDelegate.swift */; };
		864B2C6023233775005B8E32 /* ProdutosViewController.swift in Sources */ = {isa = PBXBuildFile; fileRef = 864B2C5F23233775005B8E32 /* ProdutosViewController.swift */; };
		864B2C6323233775005B8E32 /* Main.storyboard in Resources */ = {isa = PBXBuildFile; fileRef = 864B2C6123233775005B8E32 /* Main.storyboard */; };
		864B2C6523233777005B8E32 /* Assets.xcassets in Resources */ = {isa = PBXBuildFile; fileRef = 864B2C6423233777005B8E32 /* Assets.xcassets */; };
		864B2C6823233777005B8E32 /* LaunchScreen.storyboard in Resources */ = {isa = PBXBuildFile; fileRef = 864B2C6623233777005B8E32 /* LaunchScreen.storyboard */; };
		864B2C70232339F2005B8E32 /* icon_nossosprodutos.png in Resources */ = {isa = PBXBuildFile; fileRef = 864B2C6F232339F2005B8E32 /* icon_nossosprodutos.png */; };
		8677B2282335A1AD00210548 /* DetalhesViewController.swift in Sources */ = {isa = PBXBuildFile; fileRef = 8677B2272335A1AD00210548 /* DetalhesViewController.swift */; };
		8677B22A2335A1C900210548 /* AdicionarViewController.swift in Sources */ = {isa = PBXBuildFile; fileRef = 8677B2292335A1C900210548 /* AdicionarViewController.swift */; };
		8677B22C2335A26700210548 /* Produto.swift in Sources */ = {isa = PBXBuildFile; fileRef = 8677B22B2335A26700210548 /* Produto.swift */; };
/* End PBXBuildFile section */

/* Begin PBXFileReference section */
		864B2C5A23233775005B8E32 /* trabalho-ios.app */ = {isa = PBXFileReference; explicitFileType = wrapper.application; includeInIndex = 0; path = "trabalho-ios.app"; sourceTree = BUILT_PRODUCTS_DIR; };
		864B2C5D23233775005B8E32 /* AppDelegate.swift */ = {isa = PBXFileReference; lastKnownFileType = sourcecode.swift; path = AppDelegate.swift; sourceTree = "<group>"; };
		864B2C5F23233775005B8E32 /* ProdutosViewController.swift */ = {isa = PBXFileReference; lastKnownFileType = sourcecode.swift; path = ProdutosViewController.swift; sourceTree = "<group>"; };
		864B2C6223233775005B8E32 /* Base */ = {isa = PBXFileReference; lastKnownFileType = file.storyboard; name = Base; path = Base.lproj/Main.storyboard; sourceTree = "<group>"; };
		864B2C6423233777005B8E32 /* Assets.xcassets */ = {isa = PBXFileReference; lastKnownFileType = folder.assetcatalog; path = Assets.xcassets; sourceTree = "<group>"; };
		864B2C6723233777005B8E32 /* Base */ = {isa = PBXFileReference; lastKnownFileType = file.storyboard; name = Base; path = Base.lproj/LaunchScreen.storyboard; sourceTree = "<group>"; };
		864B2C6923233777005B8E32 /* Info.plist */ = {isa = PBXFileReference; lastKnownFileType = text.plist.xml; path = Info.plist; sourceTree = "<group>"; };
		864B2C6F232339F2005B8E32 /* icon_nossosprodutos.png */ = {isa = PBXFileReference; lastKnownFileType = image.png; name = icon_nossosprodutos.png; path = ../../../Downloads/icon_nossosprodutos.png; sourceTree = "<group>"; };
		8677B2272335A1AD00210548 /* DetalhesViewController.swift */ = {isa = PBXFileReference; lastKnownFileType = sourcecode.swift; path = DetalhesViewController.swift; sourceTree = "<group>"; };
		8677B2292335A1C900210548 /* AdicionarViewController.swift */ = {isa = PBXFileReference; lastKnownFileType = sourcecode.swift; path = AdicionarViewController.swift; sourceTree = "<group>"; };
		8677B22B2335A26700210548 /* Produto.swift */ = {isa = PBXFileReference; lastKnownFileType = sourcecode.swift; path = Produto.swift; sourceTree = "<group>"; };
/* End PBXFileReference section */

/* Begin PBXFrameworksBuildPhase section */
		864B2C5723233775005B8E32 /* Frameworks */ = {
			isa = PBXFrameworksBuildPhase;
			buildActionMask = 2147483647;
			files = (
			);
			runOnlyForDeploymentPostprocessing = 0;
		};
/* End PBXFrameworksBuildPhase section */

/* Begin PBXGroup section */
		864B2C5123233775005B8E32 = {
			isa = PBXGroup;
			children = (
				864B2C5C23233775005B8E32 /* trabalho-ios */,
				864B2C5B23233775005B8E32 /* Products */,
			);
			sourceTree = "<group>";
		};
		864B2C5B23233775005B8E32 /* Products */ = {
			isa = PBXGroup;
			children = (
				864B2C5A23233775005B8E32 /* trabalho-ios.app */,
			);
			name = Products;
			sourceTree = "<group>";
		};
		864B2C5C23233775005B8E32 /* trabalho-ios */ = {
			isa = PBXGroup;
			children = (
				864B2C5D23233775005B8E32 /* AppDelegate.swift */,
				864B2C5F23233775005B8E32 /* ProdutosViewController.swift */,
				8677B22B2335A26700210548 /* Produto.swift */,
				8677B2292335A1C900210548 /* AdicionarViewController.swift */,
				8677B2272335A1AD00210548 /* DetalhesViewController.swift */,
				864B2C6123233775005B8E32 /* Main.storyboard */,
				864B2C6F232339F2005B8E32 /* icon_nossosprodutos.png */,
				864B2C6423233777005B8E32 /* Assets.xcassets */,
				864B2C6623233777005B8E32 /* LaunchScreen.storyboard */,
				864B2C6923233777005B8E32 /* Info.plist */,
			);
			path = "trabalho-ios";
			sourceTree = "<group>";
		};
/* End PBXGroup section */

/* Begin PBXNativeTarget section */
		864B2C5923233775005B8E32 /* trabalho-ios */ = {
			isa = PBXNativeTarget;
			buildConfigurationList = 864B2C6C23233777005B8E32 /* Build configuration list for PBXNativeTarget "trabalho-ios" */;
			buildPhases = (
				864B2C5623233775005B8E32 /* Sources */,
				864B2C5723233775005B8E32 /* Frameworks */,
				864B2C5823233775005B8E32 /* Resources */,
			);
			buildRules = (
			);
			dependencies = (
			);
			name = "trabalho-ios";
			productName = "trabalho-ios";
			productReference = 864B2C5A23233775005B8E32 /* trabalho-ios.app */;
			productType = "com.apple.product-type.application";
		};
/* End PBXNativeTarget section */

/* Begin PBXProject section */
		864B2C5223233775005B8E32 /* Project object */ = {
			isa = PBXProject;
			attributes = {
				LastSwiftUpdateCheck = 0940;
				LastUpgradeCheck = 0940;
				ORGANIZATIONNAME = br.edu.ifsp.scl.sdm;
				TargetAttributes = {
					864B2C5923233775005B8E32 = {
						CreatedOnToolsVersion = 9.4.1;
					};
				};
			};
			buildConfigurationList = 864B2C5523233775005B8E32 /* Build configuration list for PBXProject "trabalho-ios" */;
			compatibilityVersion = "Xcode 9.3";
			developmentRegion = en;
			hasScannedForEncodings = 0;
			knownRegions = (
				en,
				Base,
			);
			mainGroup = 864B2C5123233775005B8E32;
			productRefGroup = 864B2C5B23233775005B8E32 /* Products */;
			projectDirPath = "";
			projectRoot = "";
			targets = (
				864B2C5923233775005B8E32 /* trabalho-ios */,
			);
		};
/* End PBXProject section */

/* Begin PBXResourcesBuildPhase section */
		864B2C5823233775005B8E32 /* Resources */ = {
			isa = PBXResourcesBuildPhase;
			buildActionMask = 2147483647;
			files = (
				864B2C6823233777005B8E32 /* LaunchScreen.storyboard in Resources */,
				864B2C6523233777005B8E32 /* Assets.xcassets in Resources */,
				864B2C6323233775005B8E32 /* Main.storyboard in Resources */,
				864B2C70232339F2005B8E32 /* icon_nossosprodutos.png in Resources */,
			);
			runOnlyForDeploymentPostprocessing = 0;
		};
/* End PBXResourcesBuildPhase section */

/* Begin PBXSourcesBuildPhase section */
		864B2C5623233775005B8E32 /* Sources */ = {
			isa = PBXSourcesBuildPhase;
			buildActionMask = 2147483647;
			files = (
				864B2C6023233775005B8E32 /* ProdutosViewController.swift in Sources */,
				864B2C5E23233775005B8E32 /* AppDelegate.swift in Sources */,
				8677B22A2335A1C900210548 /* AdicionarViewController.swift in Sources */,
				8677B22C2335A26700210548 /* Produto.swift in Sources */,
				8677B2282335A1AD00210548 /* DetalhesViewController.swift in Sources */,
			);
			runOnlyForDeploymentPostprocessing = 0;
		};
/* End PBXSourcesBuildPhase section */

/* Begin PBXVariantGroup section */
		864B2C6123233775005B8E32 /* Main.storyboard */ = {
			isa = PBXVariantGroup;
			children = (
				864B2C6223233775005B8E32 /* Base */,
			);
			name = Main.storyboard;
			sourceTree = "<group>";
		};
		864B2C6623233777005B8E32 /* LaunchScreen.storyboard */ = {
			isa = PBXVariantGroup;
			children = (
				864B2C6723233777005B8E32 /* Base */,
			);
			name = LaunchScreen.storyboard;
			sourceTree = "<group>";
		};
/* End PBXVariantGroup section */

/* Begin XCBuildConfiguration section */
		864B2C6A23233777005B8E32 /* Debug */ = {
			isa = XCBuildConfiguration;
			buildSettings = {
				ALWAYS_SEARCH_USER_PATHS = NO;
				CLANG_ANALYZER_NONNULL = YES;
				CLANG_ANALYZER_NUMBER_OBJECT_CONVERSION = YES_AGGRESSIVE;
				CLANG_CXX_LANGUAGE_STANDARD = "gnu++14";
				CLANG_CXX_LIBRARY = "libc++";
				CLANG_ENABLE_MODULES = YES;
				CLANG_ENABLE_OBJC_ARC = YES;
				CLANG_ENABLE_OBJC_WEAK = YES;
				CLANG_WARN_BLOCK_CAPTURE_AUTORELEASING = YES;
				CLANG_WARN_BOOL_CONVERSION = YES;
				CLANG_WARN_COMMA = YES;
				CLANG_WARN_CONSTANT_CONVERSION = YES;
				CLANG_WARN_DEPRECATED_OBJC_IMPLEMENTATIONS = YES;
				CLANG_WARN_DIRECT_OBJC_ISA_USAGE = YES_ERROR;
				CLANG_WARN_DOCUMENTATION_COMMENTS = YES;
				CLANG_WARN_EMPTY_BODY = YES;
				CLANG_WARN_ENUM_CONVERSION = YES;
				CLANG_WARN_INFINITE_RECURSION = YES;
				CLANG_WARN_INT_CONVERSION = YES;
				CLANG_WARN_NON_LITERAL_NULL_CONVERSION = YES;
				CLANG_WARN_OBJC_IMPLICIT_RETAIN_SELF = YES;
				CLANG_WARN_OBJC_LITERAL_CONVERSION = YES;
				CLANG_WARN_OBJC_ROOT_CLASS = YES_ERROR;
				CLANG_WARN_RANGE_LOOP_ANALYSIS = YES;
				CLANG_WARN_STRICT_PROTOTYPES = YES;
				CLANG_WARN_SUSPICIOUS_MOVE = YES;
				CLANG_WARN_UNGUARDED_AVAILABILITY = YES_AGGRESSIVE;
				CLANG_WARN_UNREACHABLE_CODE = YES;
				CLANG_WARN__DUPLICATE_METHOD_MATCH = YES;
				CODE_SIGN_IDENTITY = "iPhone Developer";
				COPY_PHASE_STRIP = NO;
				DEBUG_INFORMATION_FORMAT = dwarf;
				ENABLE_STRICT_OBJC_MSGSEND = YES;
				ENABLE_TESTABILITY = YES;
				GCC_C_LANGUAGE_STANDARD = gnu11;
				GCC_DYNAMIC_NO_PIC = NO;
				GCC_NO_COMMON_BLOCKS = YES;
				GCC_OPTIMIZATION_LEVEL = 0;
				GCC_PREPROCESSOR_DEFINITIONS = (
					"DEBUG=1",
					"$(inherited)",
				);
				GCC_WARN_64_TO_32_BIT_CONVERSION = YES;
				GCC_WARN_ABOUT_RETURN_TYPE = YES_ERROR;
				GCC_WARN_UNDECLARED_SELECTOR = YES;
				GCC_WARN_UNINITIALIZED_AUTOS = YES_AGGRESSIVE;
				GCC_WARN_UNUSED_FUNCTION = YES;
				GCC_WARN_UNUSED_VARIABLE = YES;
				IPHONEOS_DEPLOYMENT_TARGET = 11.4;
				MTL_ENABLE_DEBUG_INFO = YES;
				ONLY_ACTIVE_ARCH = YES;
				SDKROOT = iphoneos;
				SWIFT_ACTIVE_COMPILATION_CONDITIONS = DEBUG;
				SWIFT_OPTIMIZATION_LEVEL = "-Onone";
			};
			name = Debug;
		};
		864B2C6B23233777005B8E32 /* Release */ = {
			isa = XCBuildConfiguration;
			buildSettings = {
				ALWAYS_SEARCH_USER_PATHS = NO;
				CLANG_ANALYZER_NONNULL = YES;
				CLANG_ANALYZER_NUMBER_OBJECT_CONVERSION = YES_AGGRESSIVE;
				CLANG_CXX_LANGUAGE_STANDARD = "gnu++14";
				CLANG_CXX_LIBRARY = "libc++";
				CLANG_ENABLE_MODULES = YES;
				CLANG_ENABLE_OBJC_ARC = YES;
				CLANG_ENABLE_OBJC_WEAK = YES;
				CLANG_WARN_BLOCK_CAPTURE_AUTORELEASING = YES;
				CLANG_WARN_BOOL_CONVERSION = YES;
				CLANG_WARN_COMMA = YES;
				CLANG_WARN_CONSTANT_CONVERSION = YES;
				CLANG_WARN_DEPRECATED_OBJC_IMPLEMENTATIONS = YES;
				CLANG_WARN_DIRECT_OBJC_ISA_USAGE = YES_ERROR;
				CLANG_WARN_DOCUMENTATION_COMMENTS = YES;
				CLANG_WARN_EMPTY_BODY = YES;
				CLANG_WARN_ENUM_CONVERSION = YES;
				CLANG_WARN_INFINITE_RECURSION = YES;
				CLANG_WARN_INT_CONVERSION = YES;
				CLANG_WARN_NON_LITERAL_NULL_CONVERSION = YES;
				CLANG_WARN_OBJC_IMPLICIT_RETAIN_SELF = YES;
				CLANG_WARN_OBJC_LITERAL_CONVERSION = YES;
				CLANG_WARN_OBJC_ROOT_CLASS = YES_ERROR;
				CLANG_WARN_RANGE_LOOP_ANALYSIS = YES;
				CLANG_WARN_STRICT_PROTOTYPES = YES;
				CLANG_WARN_SUSPICIOUS_MOVE = YES;
				CLANG_WARN_UNGUARDED_AVAILABILITY = YES_AGGRESSIVE;
				CLANG_WARN_UNREACHABLE_CODE = YES;
				CLANG_WARN__DUPLICATE_METHOD_MATCH = YES;
				CODE_SIGN_IDENTITY = "iPhone Developer";
				COPY_PHASE_STRIP = NO;
				DEBUG_INFORMATION_FORMAT = "dwarf-with-dsym";
				ENABLE_NS_ASSERTIONS = NO;
				ENABLE_STRICT_OBJC_MSGSEND = YES;
				GCC_C_LANGUAGE_STANDARD = gnu11;
				GCC_NO_COMMON_BLOCKS = YES;
				GCC_WARN_64_TO_32_BIT_CONVERSION = YES;
				GCC_WARN_ABOUT_RETURN_TYPE = YES_ERROR;
				GCC_WARN_UNDECLARED_SELECTOR = YES;
				GCC_WARN_UNINITIALIZED_AUTOS = YES_AGGRESSIVE;
				GCC_WARN_UNUSED_FUNCTION = YES;
				GCC_WARN_UNUSED_VARIABLE = YES;
				IPHONEOS_DEPLOYMENT_TARGET = 11.4;
				MTL_ENABLE_DEBUG_INFO = NO;
				SDKROOT = iphoneos;
				SWIFT_COMPILATION_MODE = wholemodule;
				SWIFT_OPTIMIZATION_LEVEL = "-O";
				VALIDATE_PRODUCT = YES;
			};
			name = Release;
		};
		864B2C6D23233777005B8E32 /* Debug */ = {
			isa = XCBuildConfiguration;
			buildSettings = {
				ASSETCATALOG_COMPILER_APPICON_NAME = AppIcon;
				CODE_SIGN_STYLE = Automatic;
				INFOPLIST_FILE = "trabalho-ios/Info.plist";
				LD_RUNPATH_SEARCH_PATHS = (
					"$(inherited)",
					"@executable_path/Frameworks",
				);
				PRODUCT_BUNDLE_IDENTIFIER = "IFSP.trabalho-ios";
				PRODUCT_NAME = "$(TARGET_NAME)";
				SWIFT_VERSION = 4.0;
				TARGETED_DEVICE_FAMILY = "1,2";
			};
			name = Debug;
		};
		864B2C6E23233777005B8E32 /* Release */ = {
			isa = XCBuildConfiguration;
			buildSettings = {
				ASSETCATALOG_COMPILER_APPICON_NAME = AppIcon;
				CODE_SIGN_STYLE = Automatic;
				INFOPLIST_FILE = "trabalho-ios/Info.plist";
				LD_RUNPATH_SEARCH_PATHS = (
					"$(inherited)",
					"@executable_path/Frameworks",
				);
				PRODUCT_BUNDLE_IDENTIFIER = "IFSP.trabalho-ios";
				PRODUCT_NAME = "$(TARGET_NAME)";
				SWIFT_VERSION = 4.0;
				TARGETED_DEVICE_FAMILY = "1,2";
			};
			name = Release;
		};
/* End XCBuildConfiguration section */

/* Begin XCConfigurationList section */
		864B2C5523233775005B8E32 /* Build configuration list for PBXProject "trabalho-ios" */ = {
			isa = XCConfigurationList;
			buildConfigurations = (
				864B2C6A23233777005B8E32 /* Debug */,
				864B2C6B23233777005B8E32 /* Release */,
			);
			defaultConfigurationIsVisible = 0;
			defaultConfigurationName = Release;
		};
		864B2C6C23233777005B8E32 /* Build configuration list for PBXNativeTarget "trabalho-ios" */ = {
			isa = XCConfigurationList;
			buildConfigurations = (
				864B2C6D23233777005B8E32 /* Debug */,
				864B2C6E23233777005B8E32 /* Release */,
			);
			defaultConfigurationIsVisible = 0;
			defaultConfigurationName = Release;
		};
/* End XCConfigurationList section */
	};
	rootObject = 864B2C5223233775005B8E32 /* Project object */;
}
